
Microsoft Visual Studio Solution File, Format Version 12.00
Project("{FAE04EC0-301F-11D3-BF4B-00C04F79EFBC}") = "RevenueRecognitionSystem", "RevenueRecognitionSystem\RevenueRecognitionSystem.csproj", "{5FDA9A53-05C2-499E-BBA0-8C3CDA6CE6F0}"
EndProject
Project("{FAE04EC0-301F-11D3-BF4B-00C04F79EFBC}") = "RevenueRecognitionSystem.Tests", "RevenueRecognitionSystem.Tests\RevenueRecognitionSystem.Tests.csproj", "{2031902B-812B-4B9F-88D8-3AA1F3671730}"
EndProject
Global
	GlobalSection(SolutionConfigurationPlatforms) = preSolution
		Debug|Any CPU = Debug|Any CPU
		Debug|x64 = Debug|x64
		Debug|x86 = Debug|x86
		Release|Any CPU = Release|Any CPU
		Release|x64 = Release|x64
		Release|x86 = Release|x86
	EndGlobalSection
	GlobalSection(ProjectConfigurationPlatforms) = postSolution
		{5FDA9A53-05C2-499E-BBA0-8C3CDA6CE6F0}.Debug|Any CPU.ActiveCfg = Debug|Any CPU
		{5FDA9A53-05C2-499E-BBA0-8C3CDA6CE6F0}.Debug|Any CPU.Build.0 = Debug|Any CPU
		{5FDA9A53-05C2-499E-BBA0-8C3CDA6CE6F0}.Debug|x64.ActiveCfg = Debug|Any CPU
		{5FDA9A53-05C2-499E-BBA0-8C3CDA6CE6F0}.Debug|x64.Build.0 = Debug|Any CPU
		{5FDA9A53-05C2-499E-BBA0-8C3CDA6CE6F0}.Debug|x86.ActiveCfg = Debug|Any CPU
		{5FDA9A53-05C2-499E-BBA0-8C3CDA6CE6F0}.Debug|x86.Build.0 = Debug|Any CPU
		{5FDA9A53-05C2-499E-BBA0-8C3CDA6CE6F0}.Release|Any CPU.ActiveCfg = Release|Any CPU
		{5FDA9A53-05C2-499E-BBA0-8C3CDA6CE6F0}.Release|Any CPU.Build.0 = Release|Any CPU
		{5FDA9A53-05C2-499E-BBA0-8C3CDA6CE6F0}.Release|x64.ActiveCfg = Release|Any CPU
		{5FDA9A53-05C2-499E-BBA0-8C3CDA6CE6F0}.Release|x64.Build.0 = Release|Any CPU
		{5FDA9A53-05C2-499E-BBA0-8C3CDA6CE6F0}.Release|x86.ActiveCfg = Release|Any CPU
		{5FDA9A53-05C2-499E-BBA0-8C3CDA6CE6F0}.Release|x86.Build.0 = Release|Any CPU
		{2031902B-812B-4B9F-88D8-3AA1F3671730}.Debug|Any CPU.ActiveCfg = Debug|Any CPU
		{2031902B-812B-4B9F-88D8-3AA1F3671730}.Debug|Any CPU.Build.0 = Debug|Any CPU
		{2031902B-812B-4B9F-88D8-3AA1F3671730}.Debug|x64.ActiveCfg = Debug|Any CPU
		{2031902B-812B-4B9F-88D8-3AA1F3671730}.Debug|x64.Build.0 = Debug|Any CPU
		{2031902B-812B-4B9F-88D8-3AA1F3671730}.Debug|x86.ActiveCfg = Debug|Any CPU
		{2031902B-812B-4B9F-88D8-3AA1F3671730}.Debug|x86.Build.0 = Debug|Any CPU
		{2031902B-812B-4B9F-88D8-3AA1F3671730}.Release|Any CPU.ActiveCfg = Release|Any CPU
		{2031902B-812B-4B9F-88D8-3AA1F3671730}.Release|Any CPU.Build.0 = Release|Any CPU
		{2031902B-812B-4B9F-88D8-3AA1F3671730}.Release|x64.ActiveCfg = Release|Any CPU
		{2031902B-812B-4B9F-88D8-3AA1F3671730}.Release|x64.Build.0 = Release|Any CPU
		{2031902B-812B-4B9F-88D8-3AA1F3671730}.Release|x86.ActiveCfg = Release|Any CPU
		{2031902B-812B-4B9F-88D8-3AA1F3671730}.Release|x86.Build.0 = Release|Any CPU
	EndGlobalSection
	GlobalSection(SolutionProperties) = preSolution
		HideSolutionNode = FALSE
	EndGlobalSection
EndGlobal
